// !$*UTF8*$!
{
	archiveVersion = 1;
	classes = {
	};
	objectVersion = 56;
	objects = {

/* Begin PBXBuildFile section */
		CE1FF0BA2BCE1CEF009DE604 /* MovieDetailViewModel.swift in Sources */ = {isa = PBXBuildFile; fileRef = CE1FF0B92BCE1CEF009DE604 /* MovieDetailViewModel.swift */; };
		CE219CB52BD0E5260061D9D3 /* CreditItem.swift in Sources */ = {isa = PBXBuildFile; fileRef = CE219CB42BD0E5260061D9D3 /* CreditItem.swift */; };
		CE219CB72BD0E7E80061D9D3 /* Constants.swift in Sources */ = {isa = PBXBuildFile; fileRef = CE219CB62BD0E7E80061D9D3 /* Constants.swift */; };
		CE219CBA2BD0ED3B0061D9D3 /* CreditItemsRow.swift in Sources */ = {isa = PBXBuildFile; fileRef = CE219CB92BD0ED3B0061D9D3 /* CreditItemsRow.swift */; };
		CE219CBD2BD0EDAC0061D9D3 /* CreditResDto.swift in Sources */ = {isa = PBXBuildFile; fileRef = CE219CBC2BD0EDAC0061D9D3 /* CreditResDto.swift */; };
		CE219CBF2BD0EEA90061D9D3 /* Cast.swift in Sources */ = {isa = PBXBuildFile; fileRef = CE219CBE2BD0EEA90061D9D3 /* Cast.swift */; };
		CE219CC32BD0F92F0061D9D3 /* Crew.swift in Sources */ = {isa = PBXBuildFile; fileRef = CE219CC22BD0F92F0061D9D3 /* Crew.swift */; };
		CE219CC52BD0FBDE0061D9D3 /* ProfileImage.swift in Sources */ = {isa = PBXBuildFile; fileRef = CE219CC42BD0FBDE0061D9D3 /* ProfileImage.swift */; };
		CE492FAB2BC90DC200C5F1DC /* WatchItApp.swift in Sources */ = {isa = PBXBuildFile; fileRef = CE492FAA2BC90DC200C5F1DC /* WatchItApp.swift */; };
		CE492FAD2BC90DC200C5F1DC /* MainMediaListView.swift in Sources */ = {isa = PBXBuildFile; fileRef = CE492FAC2BC90DC200C5F1DC /* MainMediaListView.swift */; };
		CE492FAF2BC90DC300C5F1DC /* Assets.xcassets in Resources */ = {isa = PBXBuildFile; fileRef = CE492FAE2BC90DC300C5F1DC /* Assets.xcassets */; };
		CE492FB22BC90DC300C5F1DC /* Preview Assets.xcassets in Resources */ = {isa = PBXBuildFile; fileRef = CE492FB12BC90DC300C5F1DC /* Preview Assets.xcassets */; };
		CE492FBB2BC9177C00C5F1DC /* MovieListView.swift in Sources */ = {isa = PBXBuildFile; fileRef = CE492FBA2BC9177C00C5F1DC /* MovieListView.swift */; };
		CE492FBD2BC9182900C5F1DC /* MediaItemView.swift in Sources */ = {isa = PBXBuildFile; fileRef = CE492FBC2BC9182900C5F1DC /* MediaItemView.swift */; };
		CE492FC32BC91E6600C5F1DC /* Alamofire in Frameworks */ = {isa = PBXBuildFile; productRef = CE492FC22BC91E6600C5F1DC /* Alamofire */; };
		CE492FC52BC91F2600C5F1DC /* .gitIgnore in Resources */ = {isa = PBXBuildFile; fileRef = CE492FC42BC91F2600C5F1DC /* .gitIgnore */; };
		CE492FC72BC91F4000C5F1DC /* APIKey.swift in Sources */ = {isa = PBXBuildFile; fileRef = CE492FC62BC91F4000C5F1DC /* APIKey.swift */; };
		CE492FC92BC91FC700C5F1DC /* Router.swift in Sources */ = {isa = PBXBuildFile; fileRef = CE492FC82BC91FC700C5F1DC /* Router.swift */; };
		CE492FCF2BC9222100C5F1DC /* Endpoint.swift in Sources */ = {isa = PBXBuildFile; fileRef = CE492FCE2BC9222100C5F1DC /* Endpoint.swift */; };
		CE492FD12BC9223A00C5F1DC /* BaseURL.swift in Sources */ = {isa = PBXBuildFile; fileRef = CE492FD02BC9223A00C5F1DC /* BaseURL.swift */; };
		CE492FD32BC922F200C5F1DC /* MediaType.swift in Sources */ = {isa = PBXBuildFile; fileRef = CE492FD22BC922F200C5F1DC /* MediaType.swift */; };
		CE492FD52BC9232000C5F1DC /* TrendingTime.swift in Sources */ = {isa = PBXBuildFile; fileRef = CE492FD42BC9232000C5F1DC /* TrendingTime.swift */; };
		CE492FD72BC925AF00C5F1DC /* LanguageType.swift in Sources */ = {isa = PBXBuildFile; fileRef = CE492FD62BC925AF00C5F1DC /* LanguageType.swift */; };
		CE6185CA2BCF782500D3BCE0 /* BackDropRatio.swift in Sources */ = {isa = PBXBuildFile; fileRef = CE6185C92BCF782500D3BCE0 /* BackDropRatio.swift */; };
		CE6185CC2BCF84F600D3BCE0 /* OverviewView.swift in Sources */ = {isa = PBXBuildFile; fileRef = CE6185CB2BCF84F600D3BCE0 /* OverviewView.swift */; };
		CE6185CE2BCF97F400D3BCE0 /* TruncatedTextView.swift in Sources */ = {isa = PBXBuildFile; fileRef = CE6185CD2BCF97F400D3BCE0 /* TruncatedTextView.swift */; };
		CE77F8BF2BCA542600010151 /* TMDBManager.swift in Sources */ = {isa = PBXBuildFile; fileRef = CE77F8BE2BCA542600010151 /* TMDBManager.swift */; };
		CE77F8C12BCA562600010151 /* NetworkError.swift in Sources */ = {isa = PBXBuildFile; fileRef = CE77F8C02BCA562600010151 /* NetworkError.swift */; };
		CE77F8C52BCA581200010151 /* MovieItemDto.swift in Sources */ = {isa = PBXBuildFile; fileRef = CE77F8C42BCA581200010151 /* MovieItemDto.swift */; };
		CE77F8C72BCA5E3E00010151 /* MovieListViewModel.swift in Sources */ = {isa = PBXBuildFile; fileRef = CE77F8C62BCA5E3E00010151 /* MovieListViewModel.swift */; };
		CE8E1B202BD2141B003F91BD /* CreditView.swift in Sources */ = {isa = PBXBuildFile; fileRef = CE8E1B1F2BD2141B003F91BD /* CreditView.swift */; };
		CE8E1B222BD231C6003F91BD /* CreditItems.swift in Sources */ = {isa = PBXBuildFile; fileRef = CE8E1B212BD231C6003F91BD /* CreditItems.swift */; };
		CE8E1B242BD25ADB003F91BD /* NavBackButton.swift in Sources */ = {isa = PBXBuildFile; fileRef = CE8E1B232BD25ADB003F91BD /* NavBackButton.swift */; };
		CE8E78E42BD399A900141A82 /* ViewModelProtocol.swift in Sources */ = {isa = PBXBuildFile; fileRef = CE8E78E32BD399A900141A82 /* ViewModelProtocol.swift */; };
		CE98F2992BD8F5A900A135F6 /* SearchView.swift in Sources */ = {isa = PBXBuildFile; fileRef = CE98F2982BD8F5A900A135F6 /* SearchView.swift */; };
		CEA3685E2BD3AE660054FCFA /* RegionType.swift in Sources */ = {isa = PBXBuildFile; fileRef = CEA3685D2BD3AE660054FCFA /* RegionType.swift */; };
		CEA368602BD3B4650054FCFA /* MediaListRowView.swift in Sources */ = {isa = PBXBuildFile; fileRef = CEA3685F2BD3B4650054FCFA /* MediaListRowView.swift */; };
		CEA368622BD4D40D0054FCFA /* ViewDidLoadModifier.swift in Sources */ = {isa = PBXBuildFile; fileRef = CEA368612BD4D40D0054FCFA /* ViewDidLoadModifier.swift */; };
		CEA368672BD4E2500054FCFA /* TvListDto.swift in Sources */ = {isa = PBXBuildFile; fileRef = CEA368662BD4E2500054FCFA /* TvListDto.swift */; };
		CEA3686B2BD4E4DD0054FCFA /* MediaItem.swift in Sources */ = {isa = PBXBuildFile; fileRef = CEA3686A2BD4E4DD0054FCFA /* MediaItem.swift */; };
		CEA368712BD4E8B50054FCFA /* TvListView.swift in Sources */ = {isa = PBXBuildFile; fileRef = CEA368702BD4E8B50054FCFA /* TvListView.swift */; };
		CEA368732BD4E8EB0054FCFA /* TvListViewModel.swift in Sources */ = {isa = PBXBuildFile; fileRef = CEA368722BD4E8EB0054FCFA /* TvListViewModel.swift */; };
		CEAE72CE2BCCD2DB00C7E5A6 /* Kingfisher in Frameworks */ = {isa = PBXBuildFile; productRef = CEAE72CD2BCCD2DB00C7E5A6 /* Kingfisher */; };
		CEAE72D12BCCEB1100C7E5A6 /* PosterImage.swift in Sources */ = {isa = PBXBuildFile; fileRef = CEAE72D02BCCEB1100C7E5A6 /* PosterImage.swift */; };
		CEAE72D42BCD075D00C7E5A6 /* ContentView.swift in Sources */ = {isa = PBXBuildFile; fileRef = CEAE72D32BCD075D00C7E5A6 /* ContentView.swift */; };
		CEAE72D72BCD0CFD00C7E5A6 /* TopTabBarView.swift in Sources */ = {isa = PBXBuildFile; fileRef = CEAE72D62BCD0CFD00C7E5A6 /* TopTabBarView.swift */; };
		CEAE72D92BCD0DCA00C7E5A6 /* TabBarItem.swift in Sources */ = {isa = PBXBuildFile; fileRef = CEAE72D82BCD0DCA00C7E5A6 /* TabBarItem.swift */; };
		CEAE72DC2BCD204E00C7E5A6 /* MovieDetailView.swift in Sources */ = {isa = PBXBuildFile; fileRef = CEAE72DB2BCD204E00C7E5A6 /* MovieDetailView.swift */; };
		CEAE72E02BCD4FE600C7E5A6 /* MovieDetailResDto.swift in Sources */ = {isa = PBXBuildFile; fileRef = CEAE72DF2BCD4FE600C7E5A6 /* MovieDetailResDto.swift */; };
		CEAE72E22BCD50CB00C7E5A6 /* DetailMovie.swift in Sources */ = {isa = PBXBuildFile; fileRef = CEAE72E12BCD50CB00C7E5A6 /* DetailMovie.swift */; };
		CEAE72E52BCD517400C7E5A6 /* String+Extenstion.swift in Sources */ = {isa = PBXBuildFile; fileRef = CEAE72E42BCD517400C7E5A6 /* String+Extenstion.swift */; };
		CEAE72E72BCD51FC00C7E5A6 /* Int+Extension.swift in Sources */ = {isa = PBXBuildFile; fileRef = CEAE72E62BCD51FC00C7E5A6 /* Int+Extension.swift */; };
		CEAE72E92BCD53F900C7E5A6 /* BackDropImage.swift in Sources */ = {isa = PBXBuildFile; fileRef = CEAE72E82BCD53F900C7E5A6 /* BackDropImage.swift */; };
		CEAE72EB2BCD5DE000C7E5A6 /* MovieInfoView.swift in Sources */ = {isa = PBXBuildFile; fileRef = CEAE72EA2BCD5DE000C7E5A6 /* MovieInfoView.swift */; };
		CEF094E32BDF4450009ED2F0 /* SearchBar.swift in Sources */ = {isa = PBXBuildFile; fileRef = CEF094E22BDF4450009ED2F0 /* SearchBar.swift */; };
		CEF094E52BDF46DD009ED2F0 /* UIApplication+Extension.swift in Sources */ = {isa = PBXBuildFile; fileRef = CEF094E42BDF46DD009ED2F0 /* UIApplication+Extension.swift */; };
/* End PBXBuildFile section */

/* Begin PBXFileReference section */
		CE1FF0B92BCE1CEF009DE604 /* MovieDetailViewModel.swift */ = {isa = PBXFileReference; lastKnownFileType = sourcecode.swift; path = MovieDetailViewModel.swift; sourceTree = "<group>"; };
		CE219CB42BD0E5260061D9D3 /* CreditItem.swift */ = {isa = PBXFileReference; lastKnownFileType = sourcecode.swift; path = CreditItem.swift; sourceTree = "<group>"; };
		CE219CB62BD0E7E80061D9D3 /* Constants.swift */ = {isa = PBXFileReference; lastKnownFileType = sourcecode.swift; path = Constants.swift; sourceTree = "<group>"; };
		CE219CB92BD0ED3B0061D9D3 /* CreditItemsRow.swift */ = {isa = PBXFileReference; lastKnownFileType = sourcecode.swift; path = CreditItemsRow.swift; sourceTree = "<group>"; };
		CE219CBC2BD0EDAC0061D9D3 /* CreditResDto.swift */ = {isa = PBXFileReference; lastKnownFileType = sourcecode.swift; path = CreditResDto.swift; sourceTree = "<group>"; };
		CE219CBE2BD0EEA90061D9D3 /* Cast.swift */ = {isa = PBXFileReference; lastKnownFileType = sourcecode.swift; path = Cast.swift; sourceTree = "<group>"; };
		CE219CC22BD0F92F0061D9D3 /* Crew.swift */ = {isa = PBXFileReference; lastKnownFileType = sourcecode.swift; path = Crew.swift; sourceTree = "<group>"; };
		CE219CC42BD0FBDE0061D9D3 /* ProfileImage.swift */ = {isa = PBXFileReference; lastKnownFileType = sourcecode.swift; path = ProfileImage.swift; sourceTree = "<group>"; };
		CE492FA72BC90DC200C5F1DC /* WatchIt.app */ = {isa = PBXFileReference; explicitFileType = wrapper.application; includeInIndex = 0; path = WatchIt.app; sourceTree = BUILT_PRODUCTS_DIR; };
		CE492FAA2BC90DC200C5F1DC /* WatchItApp.swift */ = {isa = PBXFileReference; lastKnownFileType = sourcecode.swift; path = WatchItApp.swift; sourceTree = "<group>"; };
		CE492FAC2BC90DC200C5F1DC /* MainMediaListView.swift */ = {isa = PBXFileReference; lastKnownFileType = sourcecode.swift; path = MainMediaListView.swift; sourceTree = "<group>"; };
		CE492FAE2BC90DC300C5F1DC /* Assets.xcassets */ = {isa = PBXFileReference; lastKnownFileType = folder.assetcatalog; path = Assets.xcassets; sourceTree = "<group>"; };
		CE492FB12BC90DC300C5F1DC /* Preview Assets.xcassets */ = {isa = PBXFileReference; lastKnownFileType = folder.assetcatalog; path = "Preview Assets.xcassets"; sourceTree = "<group>"; };
		CE492FBA2BC9177C00C5F1DC /* MovieListView.swift */ = {isa = PBXFileReference; lastKnownFileType = sourcecode.swift; path = MovieListView.swift; sourceTree = "<group>"; };
		CE492FBC2BC9182900C5F1DC /* MediaItemView.swift */ = {isa = PBXFileReference; lastKnownFileType = sourcecode.swift; path = MediaItemView.swift; sourceTree = "<group>"; };
		CE492FC42BC91F2600C5F1DC /* .gitIgnore */ = {isa = PBXFileReference; lastKnownFileType = text; path = .gitIgnore; sourceTree = "<group>"; };
		CE492FC62BC91F4000C5F1DC /* APIKey.swift */ = {isa = PBXFileReference; lastKnownFileType = sourcecode.swift; path = APIKey.swift; sourceTree = "<group>"; };
		CE492FC82BC91FC700C5F1DC /* Router.swift */ = {isa = PBXFileReference; lastKnownFileType = sourcecode.swift; path = Router.swift; sourceTree = "<group>"; };
		CE492FCE2BC9222100C5F1DC /* Endpoint.swift */ = {isa = PBXFileReference; lastKnownFileType = sourcecode.swift; path = Endpoint.swift; sourceTree = "<group>"; };
		CE492FD02BC9223A00C5F1DC /* BaseURL.swift */ = {isa = PBXFileReference; lastKnownFileType = sourcecode.swift; path = BaseURL.swift; sourceTree = "<group>"; };
		CE492FD22BC922F200C5F1DC /* MediaType.swift */ = {isa = PBXFileReference; lastKnownFileType = sourcecode.swift; path = MediaType.swift; sourceTree = "<group>"; };
		CE492FD42BC9232000C5F1DC /* TrendingTime.swift */ = {isa = PBXFileReference; lastKnownFileType = sourcecode.swift; path = TrendingTime.swift; sourceTree = "<group>"; };
		CE492FD62BC925AF00C5F1DC /* LanguageType.swift */ = {isa = PBXFileReference; lastKnownFileType = sourcecode.swift; path = LanguageType.swift; sourceTree = "<group>"; };
		CE6185C92BCF782500D3BCE0 /* BackDropRatio.swift */ = {isa = PBXFileReference; lastKnownFileType = sourcecode.swift; path = BackDropRatio.swift; sourceTree = "<group>"; };
		CE6185CB2BCF84F600D3BCE0 /* OverviewView.swift */ = {isa = PBXFileReference; lastKnownFileType = sourcecode.swift; path = OverviewView.swift; sourceTree = "<group>"; };
		CE6185CD2BCF97F400D3BCE0 /* TruncatedTextView.swift */ = {isa = PBXFileReference; lastKnownFileType = sourcecode.swift; path = TruncatedTextView.swift; sourceTree = "<group>"; };
		CE77F8BE2BCA542600010151 /* TMDBManager.swift */ = {isa = PBXFileReference; lastKnownFileType = sourcecode.swift; path = TMDBManager.swift; sourceTree = "<group>"; };
		CE77F8C02BCA562600010151 /* NetworkError.swift */ = {isa = PBXFileReference; lastKnownFileType = sourcecode.swift; path = NetworkError.swift; sourceTree = "<group>"; };
		CE77F8C42BCA581200010151 /* MovieItemDto.swift */ = {isa = PBXFileReference; lastKnownFileType = sourcecode.swift; path = MovieItemDto.swift; sourceTree = "<group>"; };
		CE77F8C62BCA5E3E00010151 /* MovieListViewModel.swift */ = {isa = PBXFileReference; lastKnownFileType = sourcecode.swift; path = MovieListViewModel.swift; sourceTree = "<group>"; };
		CE8E1B1F2BD2141B003F91BD /* CreditView.swift */ = {isa = PBXFileReference; lastKnownFileType = sourcecode.swift; path = CreditView.swift; sourceTree = "<group>"; };
		CE8E1B212BD231C6003F91BD /* CreditItems.swift */ = {isa = PBXFileReference; lastKnownFileType = sourcecode.swift; path = CreditItems.swift; sourceTree = "<group>"; };
		CE8E1B232BD25ADB003F91BD /* NavBackButton.swift */ = {isa = PBXFileReference; lastKnownFileType = sourcecode.swift; path = NavBackButton.swift; sourceTree = "<group>"; };
		CE8E78E32BD399A900141A82 /* ViewModelProtocol.swift */ = {isa = PBXFileReference; lastKnownFileType = sourcecode.swift; path = ViewModelProtocol.swift; sourceTree = "<group>"; };
		CE98F2982BD8F5A900A135F6 /* SearchView.swift */ = {isa = PBXFileReference; lastKnownFileType = sourcecode.swift; path = SearchView.swift; sourceTree = "<group>"; };
		CEA3685D2BD3AE660054FCFA /* RegionType.swift */ = {isa = PBXFileReference; lastKnownFileType = sourcecode.swift; path = RegionType.swift; sourceTree = "<group>"; };
		CEA3685F2BD3B4650054FCFA /* MediaListRowView.swift */ = {isa = PBXFileReference; lastKnownFileType = sourcecode.swift; path = MediaListRowView.swift; sourceTree = "<group>"; };
		CEA368612BD4D40D0054FCFA /* ViewDidLoadModifier.swift */ = {isa = PBXFileReference; lastKnownFileType = sourcecode.swift; path = ViewDidLoadModifier.swift; sourceTree = "<group>"; };
		CEA368662BD4E2500054FCFA /* TvListDto.swift */ = {isa = PBXFileReference; lastKnownFileType = sourcecode.swift; path = TvListDto.swift; sourceTree = "<group>"; };
		CEA3686A2BD4E4DD0054FCFA /* MediaItem.swift */ = {isa = PBXFileReference; lastKnownFileType = sourcecode.swift; path = MediaItem.swift; sourceTree = "<group>"; };
		CEA368702BD4E8B50054FCFA /* TvListView.swift */ = {isa = PBXFileReference; lastKnownFileType = sourcecode.swift; path = TvListView.swift; sourceTree = "<group>"; };
		CEA368722BD4E8EB0054FCFA /* TvListViewModel.swift */ = {isa = PBXFileReference; lastKnownFileType = sourcecode.swift; path = TvListViewModel.swift; sourceTree = "<group>"; };
		CEAE72D02BCCEB1100C7E5A6 /* PosterImage.swift */ = {isa = PBXFileReference; lastKnownFileType = sourcecode.swift; path = PosterImage.swift; sourceTree = "<group>"; };
		CEAE72D32BCD075D00C7E5A6 /* ContentView.swift */ = {isa = PBXFileReference; lastKnownFileType = sourcecode.swift; path = ContentView.swift; sourceTree = "<group>"; };
		CEAE72D62BCD0CFD00C7E5A6 /* TopTabBarView.swift */ = {isa = PBXFileReference; lastKnownFileType = sourcecode.swift; path = TopTabBarView.swift; sourceTree = "<group>"; };
		CEAE72D82BCD0DCA00C7E5A6 /* TabBarItem.swift */ = {isa = PBXFileReference; lastKnownFileType = sourcecode.swift; path = TabBarItem.swift; sourceTree = "<group>"; };
		CEAE72DB2BCD204E00C7E5A6 /* MovieDetailView.swift */ = {isa = PBXFileReference; lastKnownFileType = sourcecode.swift; path = MovieDetailView.swift; sourceTree = "<group>"; };
		CEAE72DF2BCD4FE600C7E5A6 /* MovieDetailResDto.swift */ = {isa = PBXFileReference; lastKnownFileType = sourcecode.swift; path = MovieDetailResDto.swift; sourceTree = "<group>"; };
		CEAE72E12BCD50CB00C7E5A6 /* DetailMovie.swift */ = {isa = PBXFileReference; lastKnownFileType = sourcecode.swift; path = DetailMovie.swift; sourceTree = "<group>"; };
		CEAE72E42BCD517400C7E5A6 /* String+Extenstion.swift */ = {isa = PBXFileReference; lastKnownFileType = sourcecode.swift; path = "String+Extenstion.swift"; sourceTree = "<group>"; };
		CEAE72E62BCD51FC00C7E5A6 /* Int+Extension.swift */ = {isa = PBXFileReference; lastKnownFileType = sourcecode.swift; path = "Int+Extension.swift"; sourceTree = "<group>"; };
		CEAE72E82BCD53F900C7E5A6 /* BackDropImage.swift */ = {isa = PBXFileReference; lastKnownFileType = sourcecode.swift; path = BackDropImage.swift; sourceTree = "<group>"; };
		CEAE72EA2BCD5DE000C7E5A6 /* MovieInfoView.swift */ = {isa = PBXFileReference; lastKnownFileType = sourcecode.swift; path = MovieInfoView.swift; sourceTree = "<group>"; };
		CEF094E22BDF4450009ED2F0 /* SearchBar.swift */ = {isa = PBXFileReference; lastKnownFileType = sourcecode.swift; path = SearchBar.swift; sourceTree = "<group>"; };
		CEF094E42BDF46DD009ED2F0 /* UIApplication+Extension.swift */ = {isa = PBXFileReference; lastKnownFileType = sourcecode.swift; path = "UIApplication+Extension.swift"; sourceTree = "<group>"; };
/* End PBXFileReference section */

/* Begin PBXFrameworksBuildPhase section */
		CE492FA42BC90DC200C5F1DC /* Frameworks */ = {
			isa = PBXFrameworksBuildPhase;
			buildActionMask = 2147483647;
			files = (
				CEAE72CE2BCCD2DB00C7E5A6 /* Kingfisher in Frameworks */,
				CE492FC32BC91E6600C5F1DC /* Alamofire in Frameworks */,
			);
			runOnlyForDeploymentPostprocessing = 0;
		};
/* End PBXFrameworksBuildPhase section */

/* Begin PBXGroup section */
		CE219CB32BD0E3A20061D9D3 /* Credits */ = {
			isa = PBXGroup;
			children = (
				CE219CB42BD0E5260061D9D3 /* CreditItem.swift */,
				CE219CB92BD0ED3B0061D9D3 /* CreditItemsRow.swift */,
				CE8E1B1F2BD2141B003F91BD /* CreditView.swift */,
			);
			path = Credits;
			sourceTree = "<group>";
		};
		CE219CB82BD0E7EC0061D9D3 /* Constants */ = {
			isa = PBXGroup;
			children = (
				CE219CB62BD0E7E80061D9D3 /* Constants.swift */,
			);
			path = Constants;
			sourceTree = "<group>";
		};
		CE219CBB2BD0ED580061D9D3 /* Credit */ = {
			isa = PBXGroup;
			children = (
				CE219CBC2BD0EDAC0061D9D3 /* CreditResDto.swift */,
				CE219CBE2BD0EEA90061D9D3 /* Cast.swift */,
				CE219CC22BD0F92F0061D9D3 /* Crew.swift */,
				CE8E1B212BD231C6003F91BD /* CreditItems.swift */,
			);
			path = Credit;
			sourceTree = "<group>";
		};
		CE219CC62BD0FBE40061D9D3 /* ImageView */ = {
			isa = PBXGroup;
			children = (
				CEAE72D02BCCEB1100C7E5A6 /* PosterImage.swift */,
				CEAE72E82BCD53F900C7E5A6 /* BackDropImage.swift */,
				CE219CC42BD0FBDE0061D9D3 /* ProfileImage.swift */,
			);
			path = ImageView;
			sourceTree = "<group>";
		};
		CE492F9E2BC90DC200C5F1DC = {
			isa = PBXGroup;
			children = (
				CE492FA92BC90DC200C5F1DC /* WatchIt */,
				CE492FA82BC90DC200C5F1DC /* Products */,
			);
			sourceTree = "<group>";
		};
		CE492FA82BC90DC200C5F1DC /* Products */ = {
			isa = PBXGroup;
			children = (
				CE492FA72BC90DC200C5F1DC /* WatchIt.app */,
			);
			name = Products;
			sourceTree = "<group>";
		};
		CE492FA92BC90DC200C5F1DC /* WatchIt */ = {
			isa = PBXGroup;
			children = (
				CE492FC02BC91E2C00C5F1DC /* Network */,
				CE492FB92BC9175B00C5F1DC /* Model */,
				CE77F8C22BCA577000010151 /* Utility */,
				CE492FB82BC9174F00C5F1DC /* Views */,
				CE492FAA2BC90DC200C5F1DC /* WatchItApp.swift */,
				CE492FAE2BC90DC300C5F1DC /* Assets.xcassets */,
				CE492FB02BC90DC300C5F1DC /* Preview Content */,
			);
			path = WatchIt;
			sourceTree = "<group>";
		};
		CE492FB02BC90DC300C5F1DC /* Preview Content */ = {
			isa = PBXGroup;
			children = (
				CE492FB12BC90DC300C5F1DC /* Preview Assets.xcassets */,
			);
			path = "Preview Content";
			sourceTree = "<group>";
		};
		CE492FB82BC9174F00C5F1DC /* Views */ = {
			isa = PBXGroup;
			children = (
				CE98F2972BD8F5A000A135F6 /* Search */,
				CEA3686C2BD4E6F10054FCFA /* MediaList */,
				CEAE72DA2BCD204300C7E5A6 /* MovieDetail */,
				CEAE72D52BCD0CD800C7E5A6 /* TabBar */,
				CEAE72CF2BCCEB0100C7E5A6 /* Custom */,
				CEAE72D32BCD075D00C7E5A6 /* ContentView.swift */,
			);
			path = Views;
			sourceTree = "<group>";
		};
		CE492FB92BC9175B00C5F1DC /* Model */ = {
			isa = PBXGroup;
			children = (
				CE219CBB2BD0ED580061D9D3 /* Credit */,
				CEAE72DE2BCD4FCB00C7E5A6 /* Detail */,
				CEAE72DD2BCD4F1800C7E5A6 /* Trend */,
			);
			path = Model;
			sourceTree = "<group>";
		};
		CE492FC02BC91E2C00C5F1DC /* Network */ = {
			isa = PBXGroup;
			children = (
				CE492FC42BC91F2600C5F1DC /* .gitIgnore */,
				CE492FC62BC91F4000C5F1DC /* APIKey.swift */,
				CE492FC82BC91FC700C5F1DC /* Router.swift */,
				CE492FCE2BC9222100C5F1DC /* Endpoint.swift */,
				CE492FD02BC9223A00C5F1DC /* BaseURL.swift */,
				CE77F8BE2BCA542600010151 /* TMDBManager.swift */,
				CE77F8C02BCA562600010151 /* NetworkError.swift */,
			);
			path = Network;
			sourceTree = "<group>";
		};
		CE6185C82BCF77FA00D3BCE0 /* Modifier */ = {
			isa = PBXGroup;
			children = (
				CE8E1B232BD25ADB003F91BD /* NavBackButton.swift */,
				CE6185C92BCF782500D3BCE0 /* BackDropRatio.swift */,
				CEA368612BD4D40D0054FCFA /* ViewDidLoadModifier.swift */,
			);
			path = Modifier;
			sourceTree = "<group>";
		};
		CE77F8C22BCA577000010151 /* Utility */ = {
			isa = PBXGroup;
			children = (
				CE8E78E22BD3999D00141A82 /* Protocol */,
				CE219CB82BD0E7EC0061D9D3 /* Constants */,
				CE6185C82BCF77FA00D3BCE0 /* Modifier */,
				CEAE72E32BCD515B00C7E5A6 /* Extension */,
				CE492FD22BC922F200C5F1DC /* MediaType.swift */,
				CE492FD62BC925AF00C5F1DC /* LanguageType.swift */,
				CEA3685D2BD3AE660054FCFA /* RegionType.swift */,
			);
			path = Utility;
			sourceTree = "<group>";
		};
		CE8E78E22BD3999D00141A82 /* Protocol */ = {
			isa = PBXGroup;
			children = (
				CE8E78E32BD399A900141A82 /* ViewModelProtocol.swift */,
			);
			path = Protocol;
			sourceTree = "<group>";
		};
		CE98F2972BD8F5A000A135F6 /* Search */ = {
			isa = PBXGroup;
			children = (
				CE98F2982BD8F5A900A135F6 /* SearchView.swift */,
			);
			path = Search;
			sourceTree = "<group>";
		};
		CEA3686C2BD4E6F10054FCFA /* MediaList */ = {
			isa = PBXGroup;
			children = (
				CE492FAC2BC90DC200C5F1DC /* MainMediaListView.swift */,
				CEA3685F2BD3B4650054FCFA /* MediaListRowView.swift */,
				CE492FBC2BC9182900C5F1DC /* MediaItemView.swift */,
				CEA3686D2BD4E8930054FCFA /* TvList */,
				CEAE72D22BCCF21700C7E5A6 /* MovieList */,
			);
			path = MediaList;
			sourceTree = "<group>";
		};
		CEA3686D2BD4E8930054FCFA /* TvList */ = {
			isa = PBXGroup;
			children = (
				CEA368702BD4E8B50054FCFA /* TvListView.swift */,
				CEA368722BD4E8EB0054FCFA /* TvListViewModel.swift */,
			);
			path = TvList;
			sourceTree = "<group>";
		};
		CEAE72CF2BCCEB0100C7E5A6 /* Custom */ = {
			isa = PBXGroup;
			children = (
				CE219CC62BD0FBE40061D9D3 /* ImageView */,
				CE6185CD2BCF97F400D3BCE0 /* TruncatedTextView.swift */,
				CEF094E22BDF4450009ED2F0 /* SearchBar.swift */,
			);
			path = Custom;
			sourceTree = "<group>";
		};
		CEAE72D22BCCF21700C7E5A6 /* MovieList */ = {
			isa = PBXGroup;
			children = (
				CE492FBA2BC9177C00C5F1DC /* MovieListView.swift */,
				CE77F8C62BCA5E3E00010151 /* MovieListViewModel.swift */,
			);
			path = MovieList;
			sourceTree = "<group>";
		};
		CEAE72D52BCD0CD800C7E5A6 /* TabBar */ = {
			isa = PBXGroup;
			children = (
				CEAE72D62BCD0CFD00C7E5A6 /* TopTabBarView.swift */,
				CEAE72D82BCD0DCA00C7E5A6 /* TabBarItem.swift */,
			);
			path = TabBar;
			sourceTree = "<group>";
		};
		CEAE72DA2BCD204300C7E5A6 /* MovieDetail */ = {
			isa = PBXGroup;
			children = (
				CE219CB32BD0E3A20061D9D3 /* Credits */,
				CEAE72DB2BCD204E00C7E5A6 /* MovieDetailView.swift */,
				CEAE72EA2BCD5DE000C7E5A6 /* MovieInfoView.swift */,
				CE1FF0B92BCE1CEF009DE604 /* MovieDetailViewModel.swift */,
				CE6185CB2BCF84F600D3BCE0 /* OverviewView.swift */,
			);
			path = MovieDetail;
			sourceTree = "<group>";
		};
		CEAE72DD2BCD4F1800C7E5A6 /* Trend */ = {
			isa = PBXGroup;
			children = (
				CEA368662BD4E2500054FCFA /* TvListDto.swift */,
				CE77F8C42BCA581200010151 /* MovieItemDto.swift */,
				CE492FD42BC9232000C5F1DC /* TrendingTime.swift */,
				CEA3686A2BD4E4DD0054FCFA /* MediaItem.swift */,
			);
			path = Trend;
			sourceTree = "<group>";
		};
		CEAE72DE2BCD4FCB00C7E5A6 /* Detail */ = {
			isa = PBXGroup;
			children = (
				CEAE72DF2BCD4FE600C7E5A6 /* MovieDetailResDto.swift */,
				CEAE72E12BCD50CB00C7E5A6 /* DetailMovie.swift */,
			);
			path = Detail;
			sourceTree = "<group>";
		};
		CEAE72E32BCD515B00C7E5A6 /* Extension */ = {
			isa = PBXGroup;
			children = (
				CEAE72E42BCD517400C7E5A6 /* String+Extenstion.swift */,
				CEAE72E62BCD51FC00C7E5A6 /* Int+Extension.swift */,
				CEF094E42BDF46DD009ED2F0 /* UIApplication+Extension.swift */,
			);
			path = Extension;
			sourceTree = "<group>";
		};
/* End PBXGroup section */

/* Begin PBXNativeTarget section */
		CE492FA62BC90DC200C5F1DC /* WatchIt */ = {
			isa = PBXNativeTarget;
			buildConfigurationList = CE492FB52BC90DC300C5F1DC /* Build configuration list for PBXNativeTarget "WatchIt" */;
			buildPhases = (
				CE492FA32BC90DC200C5F1DC /* Sources */,
				CE492FA42BC90DC200C5F1DC /* Frameworks */,
				CE492FA52BC90DC200C5F1DC /* Resources */,
			);
			buildRules = (
			);
			dependencies = (
			);
			name = WatchIt;
			packageProductDependencies = (
				CE492FC22BC91E6600C5F1DC /* Alamofire */,
				CEAE72CD2BCCD2DB00C7E5A6 /* Kingfisher */,
			);
			productName = WatchIt;
			productReference = CE492FA72BC90DC200C5F1DC /* WatchIt.app */;
			productType = "com.apple.product-type.application";
		};
/* End PBXNativeTarget section */

/* Begin PBXProject section */
		CE492F9F2BC90DC200C5F1DC /* Project object */ = {
			isa = PBXProject;
			attributes = {
				BuildIndependentTargetsInParallel = 1;
				LastSwiftUpdateCheck = 1510;
				LastUpgradeCheck = 1510;
				TargetAttributes = {
					CE492FA62BC90DC200C5F1DC = {
						CreatedOnToolsVersion = 15.1;
					};
				};
			};
			buildConfigurationList = CE492FA22BC90DC200C5F1DC /* Build configuration list for PBXProject "WatchIt" */;
			compatibilityVersion = "Xcode 14.0";
			developmentRegion = en;
			hasScannedForEncodings = 0;
			knownRegions = (
				en,
				Base,
			);
			mainGroup = CE492F9E2BC90DC200C5F1DC;
			packageReferences = (
				CE492FC12BC91E6600C5F1DC /* XCRemoteSwiftPackageReference "Alamofire" */,
				CEAE72CC2BCCD2DB00C7E5A6 /* XCRemoteSwiftPackageReference "Kingfisher" */,
			);
			productRefGroup = CE492FA82BC90DC200C5F1DC /* Products */;
			projectDirPath = "";
			projectRoot = "";
			targets = (
				CE492FA62BC90DC200C5F1DC /* WatchIt */,
			);
		};
/* End PBXProject section */

/* Begin PBXResourcesBuildPhase section */
		CE492FA52BC90DC200C5F1DC /* Resources */ = {
			isa = PBXResourcesBuildPhase;
			buildActionMask = 2147483647;
			files = (
				CE492FB22BC90DC300C5F1DC /* Preview Assets.xcassets in Resources */,
				CE492FAF2BC90DC300C5F1DC /* Assets.xcassets in Resources */,
				CE492FC52BC91F2600C5F1DC /* .gitIgnore in Resources */,
			);
			runOnlyForDeploymentPostprocessing = 0;
		};
/* End PBXResourcesBuildPhase section */

/* Begin PBXSourcesBuildPhase section */
		CE492FA32BC90DC200C5F1DC /* Sources */ = {
			isa = PBXSourcesBuildPhase;
			buildActionMask = 2147483647;
			files = (
				CE77F8BF2BCA542600010151 /* TMDBManager.swift in Sources */,
				CE492FD32BC922F200C5F1DC /* MediaType.swift in Sources */,
				CEAE72D92BCD0DCA00C7E5A6 /* TabBarItem.swift in Sources */,
				CE492FAD2BC90DC200C5F1DC /* MainMediaListView.swift in Sources */,
				CE77F8C52BCA581200010151 /* MovieItemDto.swift in Sources */,
				CEAE72E52BCD517400C7E5A6 /* String+Extenstion.swift in Sources */,
				CE492FCF2BC9222100C5F1DC /* Endpoint.swift in Sources */,
				CEF094E32BDF4450009ED2F0 /* SearchBar.swift in Sources */,
				CEAE72DC2BCD204E00C7E5A6 /* MovieDetailView.swift in Sources */,
				CEA368602BD3B4650054FCFA /* MediaListRowView.swift in Sources */,
				CE492FBD2BC9182900C5F1DC /* MediaItemView.swift in Sources */,
				CE8E1B202BD2141B003F91BD /* CreditView.swift in Sources */,
				CEAE72E22BCD50CB00C7E5A6 /* DetailMovie.swift in Sources */,
				CEAE72E72BCD51FC00C7E5A6 /* Int+Extension.swift in Sources */,
				CEA368712BD4E8B50054FCFA /* TvListView.swift in Sources */,
				CE492FAB2BC90DC200C5F1DC /* WatchItApp.swift in Sources */,
				CE1FF0BA2BCE1CEF009DE604 /* MovieDetailViewModel.swift in Sources */,
				CEA368622BD4D40D0054FCFA /* ViewDidLoadModifier.swift in Sources */,
				CE6185CC2BCF84F600D3BCE0 /* OverviewView.swift in Sources */,
				CEF094E52BDF46DD009ED2F0 /* UIApplication+Extension.swift in Sources */,
				CEA368732BD4E8EB0054FCFA /* TvListViewModel.swift in Sources */,
				CE492FC92BC91FC700C5F1DC /* Router.swift in Sources */,
				CE492FBB2BC9177C00C5F1DC /* MovieListView.swift in Sources */,
				CEA3685E2BD3AE660054FCFA /* RegionType.swift in Sources */,
				CE8E1B222BD231C6003F91BD /* CreditItems.swift in Sources */,
				CE219CC52BD0FBDE0061D9D3 /* ProfileImage.swift in Sources */,
				CEAE72D72BCD0CFD00C7E5A6 /* TopTabBarView.swift in Sources */,
				CEAE72EB2BCD5DE000C7E5A6 /* MovieInfoView.swift in Sources */,
				CE219CBF2BD0EEA90061D9D3 /* Cast.swift in Sources */,
				CE8E1B242BD25ADB003F91BD /* NavBackButton.swift in Sources */,
				CEAE72E02BCD4FE600C7E5A6 /* MovieDetailResDto.swift in Sources */,
				CEAE72D12BCCEB1100C7E5A6 /* PosterImage.swift in Sources */,
				CE492FD72BC925AF00C5F1DC /* LanguageType.swift in Sources */,
				CE219CB52BD0E5260061D9D3 /* CreditItem.swift in Sources */,
				CE219CBD2BD0EDAC0061D9D3 /* CreditResDto.swift in Sources */,
				CE492FC72BC91F4000C5F1DC /* APIKey.swift in Sources */,
				CE219CC32BD0F92F0061D9D3 /* Crew.swift in Sources */,
				CE219CB72BD0E7E80061D9D3 /* Constants.swift in Sources */,
				CE6185CA2BCF782500D3BCE0 /* BackDropRatio.swift in Sources */,
				CEA368672BD4E2500054FCFA /* TvListDto.swift in Sources */,
				CE98F2992BD8F5A900A135F6 /* SearchView.swift in Sources */,
				CE8E78E42BD399A900141A82 /* ViewModelProtocol.swift in Sources */,
				CE77F8C72BCA5E3E00010151 /* MovieListViewModel.swift in Sources */,
				CE219CBA2BD0ED3B0061D9D3 /* CreditItemsRow.swift in Sources */,
				CEA3686B2BD4E4DD0054FCFA /* MediaItem.swift in Sources */,
				CEAE72E92BCD53F900C7E5A6 /* BackDropImage.swift in Sources */,
				CE6185CE2BCF97F400D3BCE0 /* TruncatedTextView.swift in Sources */,
				CEAE72D42BCD075D00C7E5A6 /* ContentView.swift in Sources */,
				CE492FD12BC9223A00C5F1DC /* BaseURL.swift in Sources */,
				CE77F8C12BCA562600010151 /* NetworkError.swift in Sources */,
				CE492FD52BC9232000C5F1DC /* TrendingTime.swift in Sources */,
			);
			runOnlyForDeploymentPostprocessing = 0;
		};
/* End PBXSourcesBuildPhase section */

/* Begin XCBuildConfiguration section */
		CE492FB32BC90DC300C5F1DC /* Debug */ = {
			isa = XCBuildConfiguration;
			buildSettings = {
				ALWAYS_SEARCH_USER_PATHS = NO;
				ASSETCATALOG_COMPILER_GENERATE_SWIFT_ASSET_SYMBOL_EXTENSIONS = YES;
				CLANG_ANALYZER_NONNULL = YES;
				CLANG_ANALYZER_NUMBER_OBJECT_CONVERSION = YES_AGGRESSIVE;
				CLANG_CXX_LANGUAGE_STANDARD = "gnu++20";
				CLANG_ENABLE_MODULES = YES;
				CLANG_ENABLE_OBJC_ARC = YES;
				CLANG_ENABLE_OBJC_WEAK = YES;
				CLANG_WARN_BLOCK_CAPTURE_AUTORELEASING = YES;
				CLANG_WARN_BOOL_CONVERSION = YES;
				CLANG_WARN_COMMA = YES;
				CLANG_WARN_CONSTANT_CONVERSION = YES;
				CLANG_WARN_DEPRECATED_OBJC_IMPLEMENTATIONS = YES;
				CLANG_WARN_DIRECT_OBJC_ISA_USAGE = YES_ERROR;
				CLANG_WARN_DOCUMENTATION_COMMENTS = YES;
				CLANG_WARN_EMPTY_BODY = YES;
				CLANG_WARN_ENUM_CONVERSION = YES;
				CLANG_WARN_INFINITE_RECURSION = YES;
				CLANG_WARN_INT_CONVERSION = YES;
				CLANG_WARN_NON_LITERAL_NULL_CONVERSION = YES;
				CLANG_WARN_OBJC_IMPLICIT_RETAIN_SELF = YES;
				CLANG_WARN_OBJC_LITERAL_CONVERSION = YES;
				CLANG_WARN_OBJC_ROOT_CLASS = YES_ERROR;
				CLANG_WARN_QUOTED_INCLUDE_IN_FRAMEWORK_HEADER = YES;
				CLANG_WARN_RANGE_LOOP_ANALYSIS = YES;
				CLANG_WARN_STRICT_PROTOTYPES = YES;
				CLANG_WARN_SUSPICIOUS_MOVE = YES;
				CLANG_WARN_UNGUARDED_AVAILABILITY = YES_AGGRESSIVE;
				CLANG_WARN_UNREACHABLE_CODE = YES;
				CLANG_WARN__DUPLICATE_METHOD_MATCH = YES;
				COPY_PHASE_STRIP = NO;
				DEBUG_INFORMATION_FORMAT = dwarf;
				ENABLE_STRICT_OBJC_MSGSEND = YES;
				ENABLE_TESTABILITY = YES;
				ENABLE_USER_SCRIPT_SANDBOXING = YES;
				GCC_C_LANGUAGE_STANDARD = gnu17;
				GCC_DYNAMIC_NO_PIC = NO;
				GCC_NO_COMMON_BLOCKS = YES;
				GCC_OPTIMIZATION_LEVEL = 0;
				GCC_PREPROCESSOR_DEFINITIONS = (
					"DEBUG=1",
					"$(inherited)",
				);
				GCC_WARN_64_TO_32_BIT_CONVERSION = YES;
				GCC_WARN_ABOUT_RETURN_TYPE = YES_ERROR;
				GCC_WARN_UNDECLARED_SELECTOR = YES;
				GCC_WARN_UNINITIALIZED_AUTOS = YES_AGGRESSIVE;
				GCC_WARN_UNUSED_FUNCTION = YES;
				GCC_WARN_UNUSED_VARIABLE = YES;
				IPHONEOS_DEPLOYMENT_TARGET = 17.2;
				LOCALIZATION_PREFERS_STRING_CATALOGS = YES;
				MTL_ENABLE_DEBUG_INFO = INCLUDE_SOURCE;
				MTL_FAST_MATH = YES;
				ONLY_ACTIVE_ARCH = YES;
				SDKROOT = iphoneos;
				SWIFT_ACTIVE_COMPILATION_CONDITIONS = "DEBUG $(inherited)";
				SWIFT_OPTIMIZATION_LEVEL = "-Onone";
			};
			name = Debug;
		};
		CE492FB42BC90DC300C5F1DC /* Release */ = {
			isa = XCBuildConfiguration;
			buildSettings = {
				ALWAYS_SEARCH_USER_PATHS = NO;
				ASSETCATALOG_COMPILER_GENERATE_SWIFT_ASSET_SYMBOL_EXTENSIONS = YES;
				CLANG_ANALYZER_NONNULL = YES;
				CLANG_ANALYZER_NUMBER_OBJECT_CONVERSION = YES_AGGRESSIVE;
				CLANG_CXX_LANGUAGE_STANDARD = "gnu++20";
				CLANG_ENABLE_MODULES = YES;
				CLANG_ENABLE_OBJC_ARC = YES;
				CLANG_ENABLE_OBJC_WEAK = YES;
				CLANG_WARN_BLOCK_CAPTURE_AUTORELEASING = YES;
				CLANG_WARN_BOOL_CONVERSION = YES;
				CLANG_WARN_COMMA = YES;
				CLANG_WARN_CONSTANT_CONVERSION = YES;
				CLANG_WARN_DEPRECATED_OBJC_IMPLEMENTATIONS = YES;
				CLANG_WARN_DIRECT_OBJC_ISA_USAGE = YES_ERROR;
				CLANG_WARN_DOCUMENTATION_COMMENTS = YES;
				CLANG_WARN_EMPTY_BODY = YES;
				CLANG_WARN_ENUM_CONVERSION = YES;
				CLANG_WARN_INFINITE_RECURSION = YES;
				CLANG_WARN_INT_CONVERSION = YES;
				CLANG_WARN_NON_LITERAL_NULL_CONVERSION = YES;
				CLANG_WARN_OBJC_IMPLICIT_RETAIN_SELF = YES;
				CLANG_WARN_OBJC_LITERAL_CONVERSION = YES;
				CLANG_WARN_OBJC_ROOT_CLASS = YES_ERROR;
				CLANG_WARN_QUOTED_INCLUDE_IN_FRAMEWORK_HEADER = YES;
				CLANG_WARN_RANGE_LOOP_ANALYSIS = YES;
				CLANG_WARN_STRICT_PROTOTYPES = YES;
				CLANG_WARN_SUSPICIOUS_MOVE = YES;
				CLANG_WARN_UNGUARDED_AVAILABILITY = YES_AGGRESSIVE;
				CLANG_WARN_UNREACHABLE_CODE = YES;
				CLANG_WARN__DUPLICATE_METHOD_MATCH = YES;
				COPY_PHASE_STRIP = NO;
				DEBUG_INFORMATION_FORMAT = "dwarf-with-dsym";
				ENABLE_NS_ASSERTIONS = NO;
				ENABLE_STRICT_OBJC_MSGSEND = YES;
				ENABLE_USER_SCRIPT_SANDBOXING = YES;
				GCC_C_LANGUAGE_STANDARD = gnu17;
				GCC_NO_COMMON_BLOCKS = YES;
				GCC_WARN_64_TO_32_BIT_CONVERSION = YES;
				GCC_WARN_ABOUT_RETURN_TYPE = YES_ERROR;
				GCC_WARN_UNDECLARED_SELECTOR = YES;
				GCC_WARN_UNINITIALIZED_AUTOS = YES_AGGRESSIVE;
				GCC_WARN_UNUSED_FUNCTION = YES;
				GCC_WARN_UNUSED_VARIABLE = YES;
				IPHONEOS_DEPLOYMENT_TARGET = 17.2;
				LOCALIZATION_PREFERS_STRING_CATALOGS = YES;
				MTL_ENABLE_DEBUG_INFO = NO;
				MTL_FAST_MATH = YES;
				SDKROOT = iphoneos;
				SWIFT_COMPILATION_MODE = wholemodule;
				VALIDATE_PRODUCT = YES;
			};
			name = Release;
		};
		CE492FB62BC90DC300C5F1DC /* Debug */ = {
			isa = XCBuildConfiguration;
			buildSettings = {
				ASSETCATALOG_COMPILER_APPICON_NAME = AppIcon;
				ASSETCATALOG_COMPILER_GLOBAL_ACCENT_COLOR_NAME = AccentColor;
				CODE_SIGN_STYLE = Automatic;
				CURRENT_PROJECT_VERSION = 1;
				DEVELOPMENT_ASSET_PATHS = "\"WatchIt/Preview Content\"";
				DEVELOPMENT_TEAM = DJP8DYB9HG;
				ENABLE_PREVIEWS = YES;
				GENERATE_INFOPLIST_FILE = YES;
				INFOPLIST_KEY_UIApplicationSceneManifest_Generation = YES;
				INFOPLIST_KEY_UIApplicationSupportsIndirectInputEvents = YES;
				INFOPLIST_KEY_UILaunchScreen_Generation = YES;
				INFOPLIST_KEY_UISupportedInterfaceOrientations = UIInterfaceOrientationPortrait;
				IPHONEOS_DEPLOYMENT_TARGET = 16.0;
				LD_RUNPATH_SEARCH_PATHS = (
					"$(inherited)",
					"@executable_path/Frameworks",
				);
				MARKETING_VERSION = 1.0;
				PRODUCT_BUNDLE_IDENTIFIER = com.jiyeon.WatchIt;
				PRODUCT_NAME = "$(TARGET_NAME)";
				SUPPORTED_PLATFORMS = "iphoneos iphonesimulator";
				SUPPORTS_MACCATALYST = NO;
				SUPPORTS_MAC_DESIGNED_FOR_IPHONE_IPAD = NO;
				SWIFT_EMIT_LOC_STRINGS = YES;
				SWIFT_VERSION = 5.0;
				TARGETED_DEVICE_FAMILY = "1,2";
			};
			name = Debug;
		};
		CE492FB72BC90DC300C5F1DC /* Release */ = {
			isa = XCBuildConfiguration;
			buildSettings = {
				ASSETCATALOG_COMPILER_APPICON_NAME = AppIcon;
				ASSETCATALOG_COMPILER_GLOBAL_ACCENT_COLOR_NAME = AccentColor;
				CODE_SIGN_STYLE = Automatic;
				CURRENT_PROJECT_VERSION = 1;
				DEVELOPMENT_ASSET_PATHS = "\"WatchIt/Preview Content\"";
				DEVELOPMENT_TEAM = DJP8DYB9HG;
				ENABLE_PREVIEWS = YES;
				GENERATE_INFOPLIST_FILE = YES;
				INFOPLIST_KEY_UIApplicationSceneManifest_Generation = YES;
				INFOPLIST_KEY_UIApplicationSupportsIndirectInputEvents = YES;
				INFOPLIST_KEY_UILaunchScreen_Generation = YES;
				INFOPLIST_KEY_UISupportedInterfaceOrientations = UIInterfaceOrientationPortrait;
				IPHONEOS_DEPLOYMENT_TARGET = 16.0;
				LD_RUNPATH_SEARCH_PATHS = (
					"$(inherited)",
					"@executable_path/Frameworks",
				);
				MARKETING_VERSION = 1.0;
				PRODUCT_BUNDLE_IDENTIFIER = com.jiyeon.WatchIt;
				PRODUCT_NAME = "$(TARGET_NAME)";
				SUPPORTED_PLATFORMS = "iphoneos iphonesimulator";
				SUPPORTS_MACCATALYST = NO;
				SUPPORTS_MAC_DESIGNED_FOR_IPHONE_IPAD = NO;
				SWIFT_EMIT_LOC_STRINGS = YES;
				SWIFT_VERSION = 5.0;
				TARGETED_DEVICE_FAMILY = "1,2";
			};
			name = Release;
		};
/* End XCBuildConfiguration section */

/* Begin XCConfigurationList section */
		CE492FA22BC90DC200C5F1DC /* Build configuration list for PBXProject "WatchIt" */ = {
			isa = XCConfigurationList;
			buildConfigurations = (
				CE492FB32BC90DC300C5F1DC /* Debug */,
				CE492FB42BC90DC300C5F1DC /* Release */,
			);
			defaultConfigurationIsVisible = 0;
			defaultConfigurationName = Release;
		};
		CE492FB52BC90DC300C5F1DC /* Build configuration list for PBXNativeTarget "WatchIt" */ = {
			isa = XCConfigurationList;
			buildConfigurations = (
				CE492FB62BC90DC300C5F1DC /* Debug */,
				CE492FB72BC90DC300C5F1DC /* Release */,
			);
			defaultConfigurationIsVisible = 0;
			defaultConfigurationName = Release;
		};
/* End XCConfigurationList section */

/* Begin XCRemoteSwiftPackageReference section */
		CE492FC12BC91E6600C5F1DC /* XCRemoteSwiftPackageReference "Alamofire" */ = {
			isa = XCRemoteSwiftPackageReference;
			repositoryURL = "https://github.com/Alamofire/Alamofire";
			requirement = {
				kind = upToNextMajorVersion;
				minimumVersion = 5.9.1;
			};
		};
		CEAE72CC2BCCD2DB00C7E5A6 /* XCRemoteSwiftPackageReference "Kingfisher" */ = {
			isa = XCRemoteSwiftPackageReference;
			repositoryURL = "https://github.com/onevcat/Kingfisher";
			requirement = {
				kind = upToNextMajorVersion;
				minimumVersion = 7.11.0;
			};
		};
/* End XCRemoteSwiftPackageReference section */

/* Begin XCSwiftPackageProductDependency section */
		CE492FC22BC91E6600C5F1DC /* Alamofire */ = {
			isa = XCSwiftPackageProductDependency;
			package = CE492FC12BC91E6600C5F1DC /* XCRemoteSwiftPackageReference "Alamofire" */;
			productName = Alamofire;
		};
		CEAE72CD2BCCD2DB00C7E5A6 /* Kingfisher */ = {
			isa = XCSwiftPackageProductDependency;
			package = CEAE72CC2BCCD2DB00C7E5A6 /* XCRemoteSwiftPackageReference "Kingfisher" */;
			productName = Kingfisher;
		};
/* End XCSwiftPackageProductDependency section */
	};
	rootObject = CE492F9F2BC90DC200C5F1DC /* Project object */;
}
